{
  "version": "5",
  "specifiers": {
    "jsr:@hono/hono@4": "4.13.8",
    "npm:jimp-compact@0.16.1": "0.16.1",
    "npm:jose@5": "5.10.0",
    "npm:postgres@3": "3.4.9"
  },
  "jsr": {
    "@hono/hono@4.13.8": {
      "integrity": "bbb566d9ebb81e74c0d7eeff1f9221ba9f3fda6f1832e5ca66cbddcecb2f7fec"
    }
  },
  "npm": {
    "jimp-compact@0.16.1": {
      "integrity": "sha512-dZ6Ra7u1G8c4Letq/B5EzAxj4tLFHL+cGtdpR+PVm4yzPDj+lCk+AbivWt1eOM+ikzkowtyV7qSqX6qr3t71Ww=="
    },
    "jose@5.10.0": {
      "integrity": "sha512-s+3Al/p9g32Iq+oqXxkW//7jk2Vig6FF1CFqzVXoTUXt2qz89YWbL+OwS17NFYEvxC35n0FKeGO2LGYSxeM2Gg=="
    },
    "postgres@3.4.9": {
      "integrity": "sha512-GD3qdB0x1z9xgFI6cdRD6xu2Sp2WCOEoe3mtnyB5Ee0XrrL5Pe+e4CCnJrRMnL1zYtRDZmQQVbvOttLnKDLnaw=="
    }
  },
  "workspace": {
    "dependencies": [
      "jsr:@hono/hono@4",
      "npm:jimp-compact@0.16.1",
      "npm:jose@5",
      "npm:postgres@3"
    ]
  }
}
